
Microsoft Visual Studio Solution File, Format Version 12.00
# Visual Studio 15
VisualStudioVersion = 15.0.26430.14
MinimumVisualStudioVersion = 10.0.40219.1
Project("{FAE04EC0-301F-11D3-BF4B-00C04F79EFBC}") = "Factorial.cs", "program.cs\Factorial.cs.csproj", "{30954834-DF07-4379-B644-6F4C70AFE61A}"
EndProject
Project("{FAE04EC0-301F-11D3-BF4B-00C04F79EFBC}") = "Number_Of_Zero", "Number_Of_Zero\Number_Of_Zero.csproj", "{59B6296C-3581-4494-9F03-6E12CF4721D7}"
EndProject
Project("{FAE04EC0-301F-11D3-BF4B-00C04F79EFBC}") = "QueueUsingStack", "QueueUsingStack\QueueUsingStack.csproj", "{5E5F2B95-3D23-451B-903F-E0CC7F14EF5F}"
EndProject
Project("{FAE04EC0-301F-11D3-BF4B-00C04F79EFBC}") = "StackSortOperation", "StackSortOperation\StackSortOperation.csproj", "{033ACBA8-8621-4087-8810-D6E9FCA5CE25}"
EndProject
Global
	GlobalSection(SolutionConfigurationPlatforms) = preSolution
		Debug|Any CPU = Debug|Any CPU
		Release|Any CPU = Release|Any CPU
	EndGlobalSection
	GlobalSection(ProjectConfigurationPlatforms) = postSolution
		{30954834-DF07-4379-B644-6F4C70AFE61A}.Debug|Any CPU.ActiveCfg = Debug|Any CPU
		{30954834-DF07-4379-B644-6F4C70AFE61A}.Debug|Any CPU.Build.0 = Debug|Any CPU
		{30954834-DF07-4379-B644-6F4C70AFE61A}.Release|Any CPU.ActiveCfg = Release|Any CPU
		{30954834-DF07-4379-B644-6F4C70AFE61A}.Release|Any CPU.Build.0 = Release|Any CPU
		{59B6296C-3581-4494-9F03-6E12CF4721D7}.Debug|Any CPU.ActiveCfg = Debug|Any CPU
		{59B6296C-3581-4494-9F03-6E12CF4721D7}.Debug|Any CPU.Build.0 = Debug|Any CPU
		{59B6296C-3581-4494-9F03-6E12CF4721D7}.Release|Any CPU.ActiveCfg = Release|Any CPU
		{59B6296C-3581-4494-9F03-6E12CF4721D7}.Release|Any CPU.Build.0 = Release|Any CPU
		{5E5F2B95-3D23-451B-903F-E0CC7F14EF5F}.Debug|Any CPU.ActiveCfg = Debug|Any CPU
		{5E5F2B95-3D23-451B-903F-E0CC7F14EF5F}.Debug|Any CPU.Build.0 = Debug|Any CPU
		{5E5F2B95-3D23-451B-903F-E0CC7F14EF5F}.Release|Any CPU.ActiveCfg = Release|Any CPU
		{5E5F2B95-3D23-451B-903F-E0CC7F14EF5F}.Release|Any CPU.Build.0 = Release|Any CPU
		{033ACBA8-8621-4087-8810-D6E9FCA5CE25}.Debug|Any CPU.ActiveCfg = Debug|Any CPU
		{033ACBA8-8621-4087-8810-D6E9FCA5CE25}.Debug|Any CPU.Build.0 = Debug|Any CPU
		{033ACBA8-8621-4087-8810-D6E9FCA5CE25}.Release|Any CPU.ActiveCfg = Release|Any CPU
		{033ACBA8-8621-4087-8810-D6E9FCA5CE25}.Release|Any CPU.Build.0 = Release|Any CPU
	EndGlobalSection
	GlobalSection(SolutionProperties) = preSolution
		HideSolutionNode = FALSE
	EndGlobalSection
EndGlobal
